
Microsoft Visual Studio Solution File, Format Version 12.00
# Visual Studio Version 16
VisualStudioVersion = 16.0.33214.272
MinimumVisualStudioVersion = 10.0.40219.1
Project("{FAE04EC0-301F-11D3-BF4B-00C04F79EFBC}") = "TermProject", "TermProject\TermProject.csproj", "{9447C09F-7165-43A5-98B3-F85E8B6CC660}"
EndProject
Project("{FAE04EC0-301F-11D3-BF4B-00C04F79EFBC}") = "Utilities", "Utilities\Utilities.csproj", "{306FFFC7-83BA-445C-9FC5-95BA6AB3BB91}"
EndProject
Project("{FAE04EC0-301F-11D3-BF4B-00C04F79EFBC}") = "ProjectClasses", "StoredProcedures\ProjectClasses.csproj", "{94BA79BA-25C4-4187-AF9F-370C7574BF2F}"
EndProject
Project("{FAE04EC0-301F-11D3-BF4B-00C04F79EFBC}") = "SOAPTERMRPOJECT", "SOAPTERMRPOJECT\SOAPTERMRPOJECT.csproj", "{7770A070-EEEF-4769-90F5-065735136B7F}"
EndProject
Global
	GlobalSection(SolutionConfigurationPlatforms) = preSolution
		Debug|Any CPU = Debug|Any CPU
		Release|Any CPU = Release|Any CPU
	EndGlobalSection
	GlobalSection(ProjectConfigurationPlatforms) = postSolution
		{9447C09F-7165-43A5-98B3-F85E8B6CC660}.Debug|Any CPU.ActiveCfg = Debug|Any CPU
		{9447C09F-7165-43A5-98B3-F85E8B6CC660}.Debug|Any CPU.Build.0 = Debug|Any CPU
		{9447C09F-7165-43A5-98B3-F85E8B6CC660}.Release|Any CPU.ActiveCfg = Release|Any CPU
		{9447C09F-7165-43A5-98B3-F85E8B6CC660}.Release|Any CPU.Build.0 = Release|Any CPU
		{306FFFC7-83BA-445C-9FC5-95BA6AB3BB91}.Debug|Any CPU.ActiveCfg = Debug|Any CPU
		{306FFFC7-83BA-445C-9FC5-95BA6AB3BB91}.Debug|Any CPU.Build.0 = Debug|Any CPU
		{306FFFC7-83BA-445C-9FC5-95BA6AB3BB91}.Release|Any CPU.ActiveCfg = Release|Any CPU
		{306FFFC7-83BA-445C-9FC5-95BA6AB3BB91}.Release|Any CPU.Build.0 = Release|Any CPU
		{94BA79BA-25C4-4187-AF9F-370C7574BF2F}.Debug|Any CPU.ActiveCfg = Debug|Any CPU
		{94BA79BA-25C4-4187-AF9F-370C7574BF2F}.Debug|Any CPU.Build.0 = Debug|Any CPU
		{94BA79BA-25C4-4187-AF9F-370C7574BF2F}.Release|Any CPU.ActiveCfg = Release|Any CPU
		{94BA79BA-25C4-4187-AF9F-370C7574BF2F}.Release|Any CPU.Build.0 = Release|Any CPU
		{7770A070-EEEF-4769-90F5-065735136B7F}.Debug|Any CPU.ActiveCfg = Debug|Any CPU
		{7770A070-EEEF-4769-90F5-065735136B7F}.Debug|Any CPU.Build.0 = Debug|Any CPU
		{7770A070-EEEF-4769-90F5-065735136B7F}.Release|Any CPU.ActiveCfg = Release|Any CPU
		{7770A070-EEEF-4769-90F5-065735136B7F}.Release|Any CPU.Build.0 = Release|Any CPU
	EndGlobalSection
	GlobalSection(SolutionProperties) = preSolution
		HideSolutionNode = FALSE
	EndGlobalSection
	GlobalSection(ExtensibilityGlobals) = postSolution
		SolutionGuid = {F0E9E1A5-401B-416C-B5EF-71D9C0A2EB8C}
	EndGlobalSection
EndGlobal
